
Microsoft Visual Studio Solution File, Format Version 12.00
# Visual Studio Version 17
VisualStudioVersion = 17.7.34031.279
MinimumVisualStudioVersion = 10.0.40219.1
Project("{9A19103F-16F7-4668-BE54-9A1E7A4F7556}") = "CGEntity", "GCEntity\CGEntity.csproj", "{C9154CF5-ED36-4298-872F-6AA51D55F84A}"
EndProject
Project("{9A19103F-16F7-4668-BE54-9A1E7A4F7556}") = "CGTeste", "PrjTesteCG2023\CGTeste.csproj", "{DB51F09C-C7FF-48A6-B34E-6485D7FC23E5}"
EndProject
Project("{9A19103F-16F7-4668-BE54-9A1E7A4F7556}") = "CGServer", "CGServer\CGServer.csproj", "{6DB876CD-4962-424F-BFC0-C1452F1A0083}"
EndProject
Project("{FAE04EC0-301F-11D3-BF4B-00C04F79EFBC}") = "CGDomain", "CGDomain\CGDomain.csproj", "{205672BF-5CDC-4C04-BC69-40126EC0A232}"
EndProject
Global
	GlobalSection(SolutionConfigurationPlatforms) = preSolution
		Debug|Any CPU = Debug|Any CPU
		Release|Any CPU = Release|Any CPU
	EndGlobalSection
	GlobalSection(ProjectConfigurationPlatforms) = postSolution
		{C9154CF5-ED36-4298-872F-6AA51D55F84A}.Debug|Any CPU.ActiveCfg = Debug|Any CPU
		{C9154CF5-ED36-4298-872F-6AA51D55F84A}.Debug|Any CPU.Build.0 = Debug|Any CPU
		{C9154CF5-ED36-4298-872F-6AA51D55F84A}.Release|Any CPU.ActiveCfg = Release|Any CPU
		{C9154CF5-ED36-4298-872F-6AA51D55F84A}.Release|Any CPU.Build.0 = Release|Any CPU
		{DB51F09C-C7FF-48A6-B34E-6485D7FC23E5}.Debug|Any CPU.ActiveCfg = Debug|Any CPU
		{DB51F09C-C7FF-48A6-B34E-6485D7FC23E5}.Debug|Any CPU.Build.0 = Debug|Any CPU
		{DB51F09C-C7FF-48A6-B34E-6485D7FC23E5}.Release|Any CPU.ActiveCfg = Release|Any CPU
		{DB51F09C-C7FF-48A6-B34E-6485D7FC23E5}.Release|Any CPU.Build.0 = Release|Any CPU
		{6DB876CD-4962-424F-BFC0-C1452F1A0083}.Debug|Any CPU.ActiveCfg = Debug|Any CPU
		{6DB876CD-4962-424F-BFC0-C1452F1A0083}.Debug|Any CPU.Build.0 = Debug|Any CPU
		{6DB876CD-4962-424F-BFC0-C1452F1A0083}.Release|Any CPU.ActiveCfg = Release|Any CPU
		{6DB876CD-4962-424F-BFC0-C1452F1A0083}.Release|Any CPU.Build.0 = Release|Any CPU
		{205672BF-5CDC-4C04-BC69-40126EC0A232}.Debug|Any CPU.ActiveCfg = Debug|Any CPU
		{205672BF-5CDC-4C04-BC69-40126EC0A232}.Debug|Any CPU.Build.0 = Debug|Any CPU
		{205672BF-5CDC-4C04-BC69-40126EC0A232}.Release|Any CPU.ActiveCfg = Release|Any CPU
		{205672BF-5CDC-4C04-BC69-40126EC0A232}.Release|Any CPU.Build.0 = Release|Any CPU
	EndGlobalSection
	GlobalSection(SolutionProperties) = preSolution
		HideSolutionNode = FALSE
	EndGlobalSection
	GlobalSection(ExtensibilityGlobals) = postSolution
		SolutionGuid = {0F17E572-28CE-4F03-BA42-B8671F77B767}
	EndGlobalSection
EndGlobal
