
Microsoft Visual Studio Solution File, Format Version 12.00
# Visual Studio Version 17
VisualStudioVersion = 17.7.34031.279
MinimumVisualStudioVersion = 10.0.40219.1
Project("{9A19103F-16F7-4668-BE54-9A1E7A4F7556}") = "CGEntity", "GCEntity\CGEntity.csproj", "{C9154CF5-ED36-4298-872F-6AA51D55F84A}"
EndProject
Project("{9A19103F-16F7-4668-BE54-9A1E7A4F7556}") = "CGConsole", "GCConsole\CGConsole.csproj", "{4EE75EFF-96E0-4F5F-8395-E5E116652EA4}"
EndProject
Global
	GlobalSection(SolutionConfigurationPlatforms) = preSolution
		Debug|Any CPU = Debug|Any CPU
		Release|Any CPU = Release|Any CPU
	EndGlobalSection
	GlobalSection(ProjectConfigurationPlatforms) = postSolution
		{C9154CF5-ED36-4298-872F-6AA51D55F84A}.Debug|Any CPU.ActiveCfg = Debug|Any CPU
		{C9154CF5-ED36-4298-872F-6AA51D55F84A}.Debug|Any CPU.Build.0 = Debug|Any CPU
		{C9154CF5-ED36-4298-872F-6AA51D55F84A}.Release|Any CPU.ActiveCfg = Release|Any CPU
		{C9154CF5-ED36-4298-872F-6AA51D55F84A}.Release|Any CPU.Build.0 = Release|Any CPU
		{4EE75EFF-96E0-4F5F-8395-E5E116652EA4}.Debug|Any CPU.ActiveCfg = Debug|Any CPU
		{4EE75EFF-96E0-4F5F-8395-E5E116652EA4}.Debug|Any CPU.Build.0 = Debug|Any CPU
		{4EE75EFF-96E0-4F5F-8395-E5E116652EA4}.Release|Any CPU.ActiveCfg = Release|Any CPU
		{4EE75EFF-96E0-4F5F-8395-E5E116652EA4}.Release|Any CPU.Build.0 = Release|Any CPU
	EndGlobalSection
	GlobalSection(SolutionProperties) = preSolution
		HideSolutionNode = FALSE
	EndGlobalSection
	GlobalSection(ExtensibilityGlobals) = postSolution
		SolutionGuid = {0F17E572-28CE-4F03-BA42-B8671F77B767}
	EndGlobalSection
EndGlobal
